
Microsoft Visual Studio Solution File, Format Version 12.00
# Visual Studio 15
VisualStudioVersion = 15.0.28307.645
MinimumVisualStudioVersion = 10.0.40219.1
Project("{FAE04EC0-301F-11D3-BF4B-00C04F79EFBC}") = "MVCApp", "MVCApp\MVCApp.csproj", "{0E066541-F36E-4295-99DF-C4403477637B}"
EndProject
Global
	GlobalSection(SolutionConfigurationPlatforms) = preSolution
		Debug|Any CPU = Debug|Any CPU
		Release|Any CPU = Release|Any CPU
	EndGlobalSection
	GlobalSection(ProjectConfigurationPlatforms) = postSolution
		{0E066541-F36E-4295-99DF-C4403477637B}.Debug|Any CPU.ActiveCfg = Debug|Any CPU
		{0E066541-F36E-4295-99DF-C4403477637B}.Debug|Any CPU.Build.0 = Debug|Any CPU
		{0E066541-F36E-4295-99DF-C4403477637B}.Release|Any CPU.ActiveCfg = Release|Any CPU
		{0E066541-F36E-4295-99DF-C4403477637B}.Release|Any CPU.Build.0 = Release|Any CPU
	EndGlobalSection
	GlobalSection(SolutionProperties) = preSolution
		HideSolutionNode = FALSE
	EndGlobalSection
	GlobalSection(ExtensibilityGlobals) = postSolution
		SolutionGuid = {A41EBC5B-6C3C-4B3C-B422-AB85CD3670D1}
	EndGlobalSection
EndGlobal
