
Microsoft Visual Studio Solution File, Format Version 12.00
# Visual Studio 15
VisualStudioVersion = 15.0.28307.645
MinimumVisualStudioVersion = 10.0.40219.1
Project("{FAE04EC0-301F-11D3-BF4B-00C04F79EFBC}") = "Subscriber", "Subscriber\Subscriber.csproj", "{B0FE2320-00E6-4C67-BEFC-87C7582E1D02}"
EndProject
Global
	GlobalSection(SolutionConfigurationPlatforms) = preSolution
		Debug|Any CPU = Debug|Any CPU
		Release|Any CPU = Release|Any CPU
	EndGlobalSection
	GlobalSection(ProjectConfigurationPlatforms) = postSolution
		{B0FE2320-00E6-4C67-BEFC-87C7582E1D02}.Debug|Any CPU.ActiveCfg = Debug|Any CPU
		{B0FE2320-00E6-4C67-BEFC-87C7582E1D02}.Debug|Any CPU.Build.0 = Debug|Any CPU
		{B0FE2320-00E6-4C67-BEFC-87C7582E1D02}.Release|Any CPU.ActiveCfg = Release|Any CPU
		{B0FE2320-00E6-4C67-BEFC-87C7582E1D02}.Release|Any CPU.Build.0 = Release|Any CPU
	EndGlobalSection
	GlobalSection(SolutionProperties) = preSolution
		HideSolutionNode = FALSE
	EndGlobalSection
	GlobalSection(ExtensibilityGlobals) = postSolution
		SolutionGuid = {FA927DF0-CF21-49D7-B252-B1A5A17B79B4}
	EndGlobalSection
EndGlobal
