
Microsoft Visual Studio Solution File, Format Version 12.00
# Visual Studio 15
VisualStudioVersion = 15.0.28307.645
MinimumVisualStudioVersion = 10.0.40219.1
Project("{FAE04EC0-301F-11D3-BF4B-00C04F79EFBC}") = "SampleWebApp", "SampleWebApp\SampleWebApp.csproj", "{F8417D8D-E44F-4446-B50C-FA8AF92C2F93}"
EndProject
Global
	GlobalSection(SolutionConfigurationPlatforms) = preSolution
		Debug|Any CPU = Debug|Any CPU
		Release|Any CPU = Release|Any CPU
	EndGlobalSection
	GlobalSection(ProjectConfigurationPlatforms) = postSolution
		{F8417D8D-E44F-4446-B50C-FA8AF92C2F93}.Debug|Any CPU.ActiveCfg = Debug|Any CPU
		{F8417D8D-E44F-4446-B50C-FA8AF92C2F93}.Debug|Any CPU.Build.0 = Debug|Any CPU
		{F8417D8D-E44F-4446-B50C-FA8AF92C2F93}.Release|Any CPU.ActiveCfg = Release|Any CPU
		{F8417D8D-E44F-4446-B50C-FA8AF92C2F93}.Release|Any CPU.Build.0 = Release|Any CPU
	EndGlobalSection
	GlobalSection(SolutionProperties) = preSolution
		HideSolutionNode = FALSE
	EndGlobalSection
	GlobalSection(ExtensibilityGlobals) = postSolution
		SolutionGuid = {56AA219C-6977-4690-BE24-2AD7D39C3204}
	EndGlobalSection
EndGlobal
