
Microsoft Visual Studio Solution File, Format Version 12.00
# Visual Studio 15
VisualStudioVersion = 15.0.28307.645
MinimumVisualStudioVersion = 10.0.40219.1
Project("{FAE04EC0-301F-11D3-BF4B-00C04F79EFBC}") = "CatalogAPI", "CatalogAPI\CatalogAPI.csproj", "{3B512A44-627C-479B-B6C7-1DB072F3801D}"
EndProject
Global
	GlobalSection(SolutionConfigurationPlatforms) = preSolution
		Debug|Any CPU = Debug|Any CPU
		Release|Any CPU = Release|Any CPU
	EndGlobalSection
	GlobalSection(ProjectConfigurationPlatforms) = postSolution
		{3B512A44-627C-479B-B6C7-1DB072F3801D}.Debug|Any CPU.ActiveCfg = Debug|Any CPU
		{3B512A44-627C-479B-B6C7-1DB072F3801D}.Debug|Any CPU.Build.0 = Debug|Any CPU
		{3B512A44-627C-479B-B6C7-1DB072F3801D}.Release|Any CPU.ActiveCfg = Release|Any CPU
		{3B512A44-627C-479B-B6C7-1DB072F3801D}.Release|Any CPU.Build.0 = Release|Any CPU
	EndGlobalSection
	GlobalSection(SolutionProperties) = preSolution
		HideSolutionNode = FALSE
	EndGlobalSection
	GlobalSection(ExtensibilityGlobals) = postSolution
		SolutionGuid = {F79E0761-F176-41C8-A3E3-50CD93037CA2}
	EndGlobalSection
EndGlobal
