
Microsoft Visual Studio Solution File, Format Version 12.00
# Visual Studio 15
VisualStudioVersion = 15.0.28307.645
MinimumVisualStudioVersion = 10.0.40219.1
Project("{FAE04EC0-301F-11D3-BF4B-00C04F79EFBC}") = "IdentityAPI", "IdentityAPI\IdentityAPI.csproj", "{A071F3E6-CD38-4666-BAA0-9B29A5E3D8D4}"
EndProject
Global
	GlobalSection(SolutionConfigurationPlatforms) = preSolution
		Debug|Any CPU = Debug|Any CPU
		Release|Any CPU = Release|Any CPU
	EndGlobalSection
	GlobalSection(ProjectConfigurationPlatforms) = postSolution
		{A071F3E6-CD38-4666-BAA0-9B29A5E3D8D4}.Debug|Any CPU.ActiveCfg = Debug|Any CPU
		{A071F3E6-CD38-4666-BAA0-9B29A5E3D8D4}.Debug|Any CPU.Build.0 = Debug|Any CPU
		{A071F3E6-CD38-4666-BAA0-9B29A5E3D8D4}.Release|Any CPU.ActiveCfg = Release|Any CPU
		{A071F3E6-CD38-4666-BAA0-9B29A5E3D8D4}.Release|Any CPU.Build.0 = Release|Any CPU
	EndGlobalSection
	GlobalSection(SolutionProperties) = preSolution
		HideSolutionNode = FALSE
	EndGlobalSection
	GlobalSection(ExtensibilityGlobals) = postSolution
		SolutionGuid = {A42B906D-D151-450A-BC7C-7DFF99A119CC}
	EndGlobalSection
EndGlobal
